PODS:
  - Alamofire (5.6.4)
  - Kingfisher (7.2.4)
  - Pageboy (3.6.2)
  - Tabman (2.12.0):
    - Pageboy (~> 3.6.0)

DEPENDENCIES:
  - Alamofire
  - Kingfisher
  - Tabman

SPEC REPOS:
  trunk:
    - Alamofire
    - Kingfisher
    - Pageboy
    - Tabman

SPEC CHECKSUMS:
  Alamofire: 4e95d97098eacb88856099c4fc79b526a299e48c
  Kingfisher: 2457be2121734e69e54a2312ecc0150eb9ae70b3
  Pageboy: cf121b9dd48c63f3f281b2a9ec93d02e0f23879b
  Tabman: 447a50447ed2869c39ab3b1a779327e43e067c4e

PODFILE CHECKSUM: 8967af03da8a51fd957da8243b7455c0b89b6cc7

COCOAPODS: 1.11.3
